
Microsoft Visual Studio Solution File, Format Version 12.00
# Visual Studio Version 17
VisualStudioVersion = 17.6.33712.159
MinimumVisualStudioVersion = 10.0.40219.1
Project("{FAE04EC0-301F-11D3-BF4B-00C04F79EFBC}") = "SolutionsForBuisnesTestTask", "SolutionsForBuisnesTestTask.csproj", "{B06D358A-074E-4969-9828-4ABA5142BDEB}"
EndProject
Global
	GlobalSection(SolutionConfigurationPlatforms) = preSolution
		Debug|Any CPU = Debug|Any CPU
		Release|Any CPU = Release|Any CPU
	EndGlobalSection
	GlobalSection(ProjectConfigurationPlatforms) = postSolution
		{B06D358A-074E-4969-9828-4ABA5142BDEB}.Debug|Any CPU.ActiveCfg = Debug|Any CPU
		{B06D358A-074E-4969-9828-4ABA5142BDEB}.Debug|Any CPU.Build.0 = Debug|Any CPU
		{B06D358A-074E-4969-9828-4ABA5142BDEB}.Release|Any CPU.ActiveCfg = Release|Any CPU
		{B06D358A-074E-4969-9828-4ABA5142BDEB}.Release|Any CPU.Build.0 = Release|Any CPU
	EndGlobalSection
	GlobalSection(SolutionProperties) = preSolution
		HideSolutionNode = FALSE
	EndGlobalSection
	GlobalSection(ExtensibilityGlobals) = postSolution
		SolutionGuid = {7494A98D-AD23-42E5-90FD-84220A446E6E}
	EndGlobalSection
EndGlobal
